
Microsoft Visual Studio Solution File, Format Version 12.00
# Visual Studio 15
VisualStudioVersion = 15.0.28010.2041
MinimumVisualStudioVersion = 10.0.40219.1
Project("{FAE04EC0-301F-11D3-BF4B-00C04F79EFBC}") = "2.13", "2.13\2.13.csproj", "{7A5C16D6-323C-405A-BA03-B962842B78FC}"
EndProject
Global
	GlobalSection(SolutionConfigurationPlatforms) = preSolution
		Debug|Any CPU = Debug|Any CPU
		Release|Any CPU = Release|Any CPU
	EndGlobalSection
	GlobalSection(ProjectConfigurationPlatforms) = postSolution
		{7A5C16D6-323C-405A-BA03-B962842B78FC}.Debug|Any CPU.ActiveCfg = Debug|Any CPU
		{7A5C16D6-323C-405A-BA03-B962842B78FC}.Debug|Any CPU.Build.0 = Debug|Any CPU
		{7A5C16D6-323C-405A-BA03-B962842B78FC}.Release|Any CPU.ActiveCfg = Release|Any CPU
		{7A5C16D6-323C-405A-BA03-B962842B78FC}.Release|Any CPU.Build.0 = Release|Any CPU
	EndGlobalSection
	GlobalSection(SolutionProperties) = preSolution
		HideSolutionNode = FALSE
	EndGlobalSection
	GlobalSection(ExtensibilityGlobals) = postSolution
		SolutionGuid = {7EFD3264-8827-4274-BB03-B694A1A29C42}
	EndGlobalSection
EndGlobal
