
Microsoft Visual Studio Solution File, Format Version 12.00
# Visual Studio 15
VisualStudioVersion = 15.0.28010.2041
MinimumVisualStudioVersion = 10.0.40219.1
Project("{FAE04EC0-301F-11D3-BF4B-00C04F79EFBC}") = "2.8", "2.8\2.8.csproj", "{C2C98445-B3A0-4D64-BE61-EE23C718608B}"
EndProject
Global
	GlobalSection(SolutionConfigurationPlatforms) = preSolution
		Debug|Any CPU = Debug|Any CPU
		Release|Any CPU = Release|Any CPU
	EndGlobalSection
	GlobalSection(ProjectConfigurationPlatforms) = postSolution
		{C2C98445-B3A0-4D64-BE61-EE23C718608B}.Debug|Any CPU.ActiveCfg = Debug|Any CPU
		{C2C98445-B3A0-4D64-BE61-EE23C718608B}.Debug|Any CPU.Build.0 = Debug|Any CPU
		{C2C98445-B3A0-4D64-BE61-EE23C718608B}.Release|Any CPU.ActiveCfg = Release|Any CPU
		{C2C98445-B3A0-4D64-BE61-EE23C718608B}.Release|Any CPU.Build.0 = Release|Any CPU
	EndGlobalSection
	GlobalSection(SolutionProperties) = preSolution
		HideSolutionNode = FALSE
	EndGlobalSection
	GlobalSection(ExtensibilityGlobals) = postSolution
		SolutionGuid = {45863875-E56E-478A-974F-601BB7D29781}
	EndGlobalSection
EndGlobal
