
Microsoft Visual Studio Solution File, Format Version 12.00
# Visual Studio 15
VisualStudioVersion = 15.0.28010.2041
MinimumVisualStudioVersion = 10.0.40219.1
Project("{FAE04EC0-301F-11D3-BF4B-00C04F79EFBC}") = "2.11", "2.11\2.11.csproj", "{00DF9300-6BA4-44AC-AA18-6E8E7253EFDF}"
EndProject
Global
	GlobalSection(SolutionConfigurationPlatforms) = preSolution
		Debug|Any CPU = Debug|Any CPU
		Release|Any CPU = Release|Any CPU
	EndGlobalSection
	GlobalSection(ProjectConfigurationPlatforms) = postSolution
		{00DF9300-6BA4-44AC-AA18-6E8E7253EFDF}.Debug|Any CPU.ActiveCfg = Debug|Any CPU
		{00DF9300-6BA4-44AC-AA18-6E8E7253EFDF}.Debug|Any CPU.Build.0 = Debug|Any CPU
		{00DF9300-6BA4-44AC-AA18-6E8E7253EFDF}.Release|Any CPU.ActiveCfg = Release|Any CPU
		{00DF9300-6BA4-44AC-AA18-6E8E7253EFDF}.Release|Any CPU.Build.0 = Release|Any CPU
	EndGlobalSection
	GlobalSection(SolutionProperties) = preSolution
		HideSolutionNode = FALSE
	EndGlobalSection
	GlobalSection(ExtensibilityGlobals) = postSolution
		SolutionGuid = {069C1276-718A-40AC-A5EA-5EE5DBDD829F}
	EndGlobalSection
EndGlobal
