
Microsoft Visual Studio Solution File, Format Version 12.00
# Visual Studio 15
VisualStudioVersion = 15.0.28010.2041
MinimumVisualStudioVersion = 10.0.40219.1
Project("{FAE04EC0-301F-11D3-BF4B-00C04F79EFBC}") = "2.7", "2.7\2.7.csproj", "{32A8DFDD-8AF1-4BA6-86E3-051EB5A6B37F}"
EndProject
Global
	GlobalSection(SolutionConfigurationPlatforms) = preSolution
		Debug|Any CPU = Debug|Any CPU
		Release|Any CPU = Release|Any CPU
	EndGlobalSection
	GlobalSection(ProjectConfigurationPlatforms) = postSolution
		{32A8DFDD-8AF1-4BA6-86E3-051EB5A6B37F}.Debug|Any CPU.ActiveCfg = Debug|Any CPU
		{32A8DFDD-8AF1-4BA6-86E3-051EB5A6B37F}.Debug|Any CPU.Build.0 = Debug|Any CPU
		{32A8DFDD-8AF1-4BA6-86E3-051EB5A6B37F}.Release|Any CPU.ActiveCfg = Release|Any CPU
		{32A8DFDD-8AF1-4BA6-86E3-051EB5A6B37F}.Release|Any CPU.Build.0 = Release|Any CPU
	EndGlobalSection
	GlobalSection(SolutionProperties) = preSolution
		HideSolutionNode = FALSE
	EndGlobalSection
	GlobalSection(ExtensibilityGlobals) = postSolution
		SolutionGuid = {DA208AB4-B948-4EE7-AAFB-9C6D9A0682C6}
	EndGlobalSection
EndGlobal
