
Microsoft Visual Studio Solution File, Format Version 12.00
# Visual Studio 15
VisualStudioVersion = 15.0.28010.2041
MinimumVisualStudioVersion = 10.0.40219.1
Project("{FAE04EC0-301F-11D3-BF4B-00C04F79EFBC}") = "2.12", "2.12\2.12.csproj", "{C050DD65-7993-40C8-8C7B-79158D9A1744}"
EndProject
Global
	GlobalSection(SolutionConfigurationPlatforms) = preSolution
		Debug|Any CPU = Debug|Any CPU
		Release|Any CPU = Release|Any CPU
	EndGlobalSection
	GlobalSection(ProjectConfigurationPlatforms) = postSolution
		{C050DD65-7993-40C8-8C7B-79158D9A1744}.Debug|Any CPU.ActiveCfg = Debug|Any CPU
		{C050DD65-7993-40C8-8C7B-79158D9A1744}.Debug|Any CPU.Build.0 = Debug|Any CPU
		{C050DD65-7993-40C8-8C7B-79158D9A1744}.Release|Any CPU.ActiveCfg = Release|Any CPU
		{C050DD65-7993-40C8-8C7B-79158D9A1744}.Release|Any CPU.Build.0 = Release|Any CPU
	EndGlobalSection
	GlobalSection(SolutionProperties) = preSolution
		HideSolutionNode = FALSE
	EndGlobalSection
	GlobalSection(ExtensibilityGlobals) = postSolution
		SolutionGuid = {BC79D49F-A8D1-4985-AAB9-66A5A09727F1}
	EndGlobalSection
EndGlobal
